{
  "name": "bulk-vest-tools",
  "lockfileVersion": 3,
  "requires": true,
  "packages": {
    "": {
      "name": "bulk-vest-tools",
      "dependencies": {
        "@turf/area": "^7.3.4",
        "@turf/bbox": "^7.3.4",
        "@turf/boolean-valid": "^7.3.4",
        "csv-parse": "^5.5.0",
        "csv-stringify": "^6.4.0",
        "pg": "^8.20.0",
        "playwright": "^1.40.0",
        "topojson-client": "^3.1.0"
      },
      "devDependencies": {
        "@types/node": "^20.0.0",
        "typescript": "^5.0.0"
      }
    },
    "node_modules/@turf/area": {
      "version": "7.3.4",
      "resolved": "https://registry.npmjs.org/@turf/area/-/area-7.3.4.tgz",
      "integrity": "sha512-UEQQFw2XwHpozSBAMEtZI3jDsAad4NnHL/poF7/S6zeDCjEBCkt3MYd6DSGH/cvgcOozxH/ky3/rIVSMZdx4vA==",
      "license": "MIT",
      "dependencies": {
        "@turf/helpers": "7.3.4",
        "@turf/meta": "7.3.4",
        "@types/geojson": "^7946.0.10",
        "tslib": "^2.8.1"
      },
      "funding": {
        "url": "https://opencollective.com/turf"
      }
    },
    "node_modules/@turf/bbox": {
      "version": "7.3.4",
      "resolved": "https://registry.npmjs.org/@turf/bbox/-/bbox-7.3.4.tgz",
      "integrity": "sha512-D5ErVWtfQbEPh11yzI69uxqrcJmbPU/9Y59f1uTapgwAwQHQztDWgsYpnL3ns8r1GmPWLP8sGJLVTIk2TZSiYA==",
      "license": "MIT",
      "dependencies": {
        "@turf/helpers": "7.3.4",
        "@turf/meta": "7.3.4",
        "@types/geojson": "^7946.0.10",
        "tslib": "^2.8.1"
      },
      "funding": {
        "url": "https://opencollective.com/turf"
      }
    },
    "node_modules/@turf/boolean-crosses": {
      "version": "7.3.4",
      "resolved": "https://registry.npmjs.org/@turf/boolean-crosses/-/boolean-crosses-7.3.4.tgz",
      "integrity": "sha512-v/U3SuGdkexfLTMhho6Vj0OjqPUeYdThxp8zggGJ1VHow27fvLLez0DjUR3AftHjjHM6bRzZoNsu2qUlEe5hjw==",
      "license": "MIT",
      "dependencies": {
        "@turf/boolean-equal": "7.3.4",
        "@turf/boolean-point-in-polygon": "7.3.4",
        "@turf/helpers": "7.3.4",
        "@turf/invariant": "7.3.4",
        "@turf/line-intersect": "7.3.4",
        "@turf/polygon-to-line": "7.3.4",
        "@types/geojson": "^7946.0.10",
        "tslib": "^2.8.1"
      },
      "funding": {
        "url": "https://opencollective.com/turf"
      }
    },
    "node_modules/@turf/boolean-disjoint": {
      "version": "7.3.4",
      "resolved": "https://registry.npmjs.org/@turf/boolean-disjoint/-/boolean-disjoint-7.3.4.tgz",
      "integrity": "sha512-Dl4O27ygi2NqskGQuvSlDLJYlJ2SPkHb3A9T/v6eAudjlMiKdEY6bMxKUfU5y+Px1WiCZxd+9rXGXJgGC3WiQg==",
      "license": "MIT",
      "dependencies": {
        "@turf/boolean-point-in-polygon": "7.3.4",
        "@turf/helpers": "7.3.4",
        "@turf/line-intersect": "7.3.4",
        "@turf/meta": "7.3.4",
        "@turf/polygon-to-line": "7.3.4",
        "@types/geojson": "^7946.0.10",
        "tslib": "^2.8.1"
      },
      "funding": {
        "url": "https://opencollective.com/turf"
      }
    },
    "node_modules/@turf/boolean-equal": {
      "version": "7.3.4",
      "resolved": "https://registry.npmjs.org/@turf/boolean-equal/-/boolean-equal-7.3.4.tgz",
      "integrity": "sha512-AhWqe7D1o0wp3d3QQRSqgWDI8s1JfTFKFe9rU5mrSxYPGlmaQsJC07RCaYfFiGym9lACd1lxBJiPidCbLaPOfw==",
      "license": "MIT",
      "dependencies": {
        "@turf/clean-coords": "7.3.4",
        "@turf/helpers": "7.3.4",
        "@turf/invariant": "7.3.4",
        "@types/geojson": "^7946.0.10",
        "geojson-equality-ts": "^1.0.2",
        "tslib": "^2.8.1"
      },
      "funding": {
        "url": "https://opencollective.com/turf"
      }
    },
    "node_modules/@turf/boolean-overlap": {
      "version": "7.3.4",
      "resolved": "https://registry.npmjs.org/@turf/boolean-overlap/-/boolean-overlap-7.3.4.tgz",
      "integrity": "sha512-Q3dlswIuqffSiMfln7xa36YDnN1TWtERMF/155rzjglm4NTUG/6S+gNsb8s6qpLjc+hN6btCq1ZjxAWurPf8Vg==",
      "license": "MIT",
      "dependencies": {
        "@turf/helpers": "7.3.4",
        "@turf/invariant": "7.3.4",
        "@turf/line-intersect": "7.3.4",
        "@turf/line-overlap": "7.3.4",
        "@turf/meta": "7.3.4",
        "@types/geojson": "^7946.0.10",
        "geojson-equality-ts": "^1.0.2",
        "tslib": "^2.8.1"
      },
      "funding": {
        "url": "https://opencollective.com/turf"
      }
    },
    "node_modules/@turf/boolean-point-in-polygon": {
      "version": "7.3.4",
      "resolved": "https://registry.npmjs.org/@turf/boolean-point-in-polygon/-/boolean-point-in-polygon-7.3.4.tgz",
      "integrity": "sha512-v/4hfyY90Vz9cDgs2GwjQf+Lft8o7mNCLJOTz/iv8SHAIgMMX0czEoIaNVOJr7tBqPqwin1CGwsncrkf5C9n8Q==",
      "license": "MIT",
      "dependencies": {
        "@turf/helpers": "7.3.4",
        "@turf/invariant": "7.3.4",
        "@types/geojson": "^7946.0.10",
        "point-in-polygon-hao": "^1.1.0",
        "tslib": "^2.8.1"
      },
      "funding": {
        "url": "https://opencollective.com/turf"
      }
    },
    "node_modules/@turf/boolean-point-on-line": {
      "version": "7.3.4",
      "resolved": "https://registry.npmjs.org/@turf/boolean-point-on-line/-/boolean-point-on-line-7.3.4.tgz",
      "integrity": "sha512-70gm5x6YQOZKcw0b/O4jjMwVWnFj+Zb6TXozLgZFDZShc8pgTQtZku7K+HKZ7Eya+7usHIB4IimZauomOMa+iw==",
      "license": "MIT",
      "dependencies": {
        "@turf/helpers": "7.3.4",
        "@turf/invariant": "7.3.4",
        "@types/geojson": "^7946.0.10",
        "tslib": "^2.8.1"
      },
      "funding": {
        "url": "https://opencollective.com/turf"
      }
    },
    "node_modules/@turf/boolean-valid": {
      "version": "7.3.4",
      "resolved": "https://registry.npmjs.org/@turf/boolean-valid/-/boolean-valid-7.3.4.tgz",
      "integrity": "sha512-P6M9BtRvzFF2N5g+1/DTIbYGpEbwQ2sv/Pw+uj11P3NYAA9VE8mvrxFYf+CowFdSfY6bY4ejhuqKhrTmAMv7wA==",
      "license": "MIT",
      "dependencies": {
        "@turf/bbox": "7.3.4",
        "@turf/boolean-crosses": "7.3.4",
        "@turf/boolean-disjoint": "7.3.4",
        "@turf/boolean-overlap": "7.3.4",
        "@turf/boolean-point-in-polygon": "7.3.4",
        "@turf/boolean-point-on-line": "7.3.4",
        "@turf/helpers": "7.3.4",
        "@turf/invariant": "7.3.4",
        "@turf/line-intersect": "7.3.4",
        "@types/geojson": "^7946.0.10",
        "geojson-polygon-self-intersections": "^1.2.1",
        "tslib": "^2.8.1"
      },
      "funding": {
        "url": "https://opencollective.com/turf"
      }
    },
    "node_modules/@turf/clean-coords": {
      "version": "7.3.4",
      "resolved": "https://registry.npmjs.org/@turf/clean-coords/-/clean-coords-7.3.4.tgz",
      "integrity": "sha512-S61aJXLvPN/uZHtjzmJbLv7xhi28Sq3PshCIZSvno4Mo45bvl79Vg4aZskrG05AaSSbipplqfH+MZrkW9Xboeg==",
      "license": "MIT",
      "dependencies": {
        "@turf/boolean-point-on-line": "7.3.4",
        "@turf/helpers": "7.3.4",
        "@turf/invariant": "7.3.4",
        "@types/geojson": "^7946.0.10",
        "tslib": "^2.8.1"
      },
      "funding": {
        "url": "https://opencollective.com/turf"
      }
    },
    "node_modules/@turf/distance": {
      "version": "7.3.4",
      "resolved": "https://registry.npmjs.org/@turf/distance/-/distance-7.3.4.tgz",
      "integrity": "sha512-9drWgd46uHPPyzgrcRQLgSvdS/SjVlQ6ZIBoRQagS5P2kSjUbcOXHIMeOSPwfxwlKhEtobLyr+IiR2ns1TfF8w==",
      "license": "MIT",
      "dependencies": {
        "@turf/helpers": "7.3.4",
        "@turf/invariant": "7.3.4",
        "@types/geojson": "^7946.0.10",
        "tslib": "^2.8.1"
      },
      "funding": {
        "url": "https://opencollective.com/turf"
      }
    },
    "node_modules/@turf/geojson-rbush": {
      "version": "7.3.4",
      "resolved": "https://registry.npmjs.org/@turf/geojson-rbush/-/geojson-rbush-7.3.4.tgz",
      "integrity": "sha512-aDG/5mMCgKduqBwZ3XpLOdlE2hizV3fM+5dHCWyrBepCQLeM/QRvvpBDCdQKDWKpoIBmrGGYDNiOofnf3QmGhg==",
      "license": "MIT",
      "dependencies": {
        "@turf/bbox": "7.3.4",
        "@turf/helpers": "7.3.4",
        "@turf/meta": "7.3.4",
        "@types/geojson": "^7946.0.10",
        "rbush": "^3.0.1",
        "tslib": "^2.8.1"
      },
      "funding": {
        "url": "https://opencollective.com/turf"
      }
    },
    "node_modules/@turf/helpers": {
      "version": "7.3.4",
      "resolved": "https://registry.npmjs.org/@turf/helpers/-/helpers-7.3.4.tgz",
      "integrity": "sha512-U/S5qyqgx3WTvg4twaH0WxF3EixoTCfDsmk98g1E3/5e2YKp7JKYZdz0vivsS5/UZLJeZDEElOSFH4pUgp+l7g==",
      "license": "MIT",
      "dependencies": {
        "@types/geojson": "^7946.0.10",
        "tslib": "^2.8.1"
      },
      "funding": {
        "url": "https://opencollective.com/turf"
      }
    },
    "node_modules/@turf/invariant": {
      "version": "7.3.4",
      "resolved": "https://registry.npmjs.org/@turf/invariant/-/invariant-7.3.4.tgz",
      "integrity": "sha512-88Eo4va4rce9sNZs6XiMJowWkikM3cS2TBhaCKlU+GFHdNf8PFEpiU42VDU8q5tOF6/fu21Rvlke5odgOGW4AQ==",
      "license": "MIT",
      "dependencies": {
        "@turf/helpers": "7.3.4",
        "@types/geojson": "^7946.0.10",
        "tslib": "^2.8.1"
      },
      "funding": {
        "url": "https://opencollective.com/turf"
      }
    },
    "node_modules/@turf/line-intersect": {
      "version": "7.3.4",
      "resolved": "https://registry.npmjs.org/@turf/line-intersect/-/line-intersect-7.3.4.tgz",
      "integrity": "sha512-XygbTvHa6A+v6l2ZKYtS8AAWxwmrPxKxfBbdH75uED1JvdytSLWYTKGlcU3soxd9sYb4x/g9sDvRIVyU6Lucrg==",
      "license": "MIT",
      "dependencies": {
        "@turf/helpers": "7.3.4",
        "@types/geojson": "^7946.0.10",
        "sweepline-intersections": "^1.5.0",
        "tslib": "^2.8.1"
      },
      "funding": {
        "url": "https://opencollective.com/turf"
      }
    },
    "node_modules/@turf/line-overlap": {
      "version": "7.3.4",
      "resolved": "https://registry.npmjs.org/@turf/line-overlap/-/line-overlap-7.3.4.tgz",
      "integrity": "sha512-3GBECiwNAQ2MmSwiqAHMweIl+EiePK0Jx4fXxF1KFE+NGCDv/MbGcEYfAbmsTg8mg6oRI9D8fJZzrT44DHpHXA==",
      "license": "MIT",
      "dependencies": {
        "@turf/boolean-point-on-line": "7.3.4",
        "@turf/geojson-rbush": "7.3.4",
        "@turf/helpers": "7.3.4",
        "@turf/invariant": "7.3.4",
        "@turf/line-segment": "7.3.4",
        "@turf/meta": "7.3.4",
        "@turf/nearest-point-on-line": "7.3.4",
        "@types/geojson": "^7946.0.10",
        "fast-deep-equal": "^3.1.3",
        "tslib": "^2.8.1"
      },
      "funding": {
        "url": "https://opencollective.com/turf"
      }
    },
    "node_modules/@turf/line-segment": {
      "version": "7.3.4",
      "resolved": "https://registry.npmjs.org/@turf/line-segment/-/line-segment-7.3.4.tgz",
      "integrity": "sha512-UeISzf/JHoWEY5yeoyvKwA5epWcvJMCpCwbIMolvfTC5pp+IVozjHPVCRvRWuzmbmAvetcW0unL5bjqi0ADmuQ==",
      "license": "MIT",
      "dependencies": {
        "@turf/helpers": "7.3.4",
        "@turf/invariant": "7.3.4",
        "@turf/meta": "7.3.4",
        "@types/geojson": "^7946.0.10",
        "tslib": "^2.8.1"
      },
      "funding": {
        "url": "https://opencollective.com/turf"
      }
    },
    "node_modules/@turf/meta": {
      "version": "7.3.4",
      "resolved": "https://registry.npmjs.org/@turf/meta/-/meta-7.3.4.tgz",
      "integrity": "sha512-tlmw9/Hs1p2n0uoHVm1w3ugw1I6L8jv9YZrcdQa4SH5FX5UY0ATrKeIvfA55FlL//PGuYppJp+eyg/0eb4goqw==",
      "license": "MIT",
      "dependencies": {
        "@turf/helpers": "7.3.4",
        "@types/geojson": "^7946.0.10",
        "tslib": "^2.8.1"
      },
      "funding": {
        "url": "https://opencollective.com/turf"
      }
    },
    "node_modules/@turf/nearest-point-on-line": {
      "version": "7.3.4",
      "resolved": "https://registry.npmjs.org/@turf/nearest-point-on-line/-/nearest-point-on-line-7.3.4.tgz",
      "integrity": "sha512-DQrP3lRju83rIXFN68tUEpc7ki/eRwdwBkK2CTT4RAcyCxbcH2NGJPQv8dYiww/Ar77u1WLVn+aINXZH904dWw==",
      "license": "MIT",
      "dependencies": {
        "@turf/distance": "7.3.4",
        "@turf/helpers": "7.3.4",
        "@turf/invariant": "7.3.4",
        "@turf/meta": "7.3.4",
        "@types/geojson": "^7946.0.10",
        "tslib": "^2.8.1"
      },
      "funding": {
        "url": "https://opencollective.com/turf"
      }
    },
    "node_modules/@turf/polygon-to-line": {
      "version": "7.3.4",
      "resolved": "https://registry.npmjs.org/@turf/polygon-to-line/-/polygon-to-line-7.3.4.tgz",
      "integrity": "sha512-xhmOZ5rHZAKLUDLeYKWMsX84ip8CCGOcGLBHtPPYOjdIDHddMV6Sxt5kVgkmlZpK6NEWEmOD6lYR4obxHcHlGA==",
      "license": "MIT",
      "dependencies": {
        "@turf/helpers": "7.3.4",
        "@turf/invariant": "7.3.4",
        "@types/geojson": "^7946.0.10",
        "tslib": "^2.8.1"
      },
      "funding": {
        "url": "https://opencollective.com/turf"
      }
    },
    "node_modules/@types/geojson": {
      "version": "7946.0.16",
      "resolved": "https://registry.npmjs.org/@types/geojson/-/geojson-7946.0.16.tgz",
      "integrity": "sha512-6C8nqWur3j98U6+lXDfTUWIfgvZU+EumvpHKcYjujKH7woYyLj2sUmff0tRhrqM7BohUw7Pz3ZB1jj2gW9Fvmg==",
      "license": "MIT"
    },
    "node_modules/@types/node": {
      "version": "20.19.37",
      "integrity": "sha512-8kzdPJ3FsNsVIurqBs7oodNnCEVbni9yUEkaHbgptDACOPW04jimGagZ51E6+lXUwJjgnBw+hyko/lkFWCldqw==",
      "dev": true,
      "dependencies": {
        "undici-types": "~6.21.0"
      }
    },
    "node_modules/commander": {
      "version": "2.20.3",
      "resolved": "https://registry.npmjs.org/commander/-/commander-2.20.3.tgz",
      "integrity": "sha512-GpVkmM8vF2vQUkj2LvZmD35JxeJOLCwJ9cUkugyk2nuhbv3+mJvpLYYt+0+USMxE+oj+ey/lJEnhZw75x/OMcQ==",
      "license": "MIT"
    },
    "node_modules/csv-parse": {
      "version": "5.6.0",
      "integrity": "sha512-l3nz3euub2QMg5ouu5U09Ew9Wf6/wQ8I++ch1loQ0ljmzhmfZYrH9fflS22i/PQEvsPvxCwxgz5q7UB8K1JO4Q=="
    },
    "node_modules/csv-stringify": {
      "version": "6.7.0",
      "integrity": "sha512-UdtziYp5HuTz7e5j8Nvq+a/3HQo+2/aJZ9xntNTpmRRIg/3YYqDVgiS9fvAhtNbnyfbv2ZBe0bqCHqzhE7FqWQ=="
    },
    "node_modules/fast-deep-equal": {
      "version": "3.1.3",
      "resolved": "https://registry.npmjs.org/fast-deep-equal/-/fast-deep-equal-3.1.3.tgz",
      "integrity": "sha512-f3qQ9oQy9j2AhBe/H9VC91wLmKBCCU/gDOnKNAYG5hswO7BLKj09Hc5HYNz9cGI++xlpDCIgDaitVs03ATR84Q==",
      "license": "MIT"
    },
    "node_modules/fsevents": {
      "version": "2.3.2",
      "resolved": "https://registry.npmjs.org/fsevents/-/fsevents-2.3.2.tgz",
      "integrity": "sha512-xiqMQR4xAeHTuB9uWm+fFRcIOgKBMiOBP+eXiyT7jsgVCq1bkVygt00oASowB7EdtpOHaaPgKt812P9ab+DDKA==",
      "hasInstallScript": true,
      "optional": true,
      "os": [
        "darwin"
      ],
      "engines": {
        "node": "^8.16.0 || ^10.6.0 || >=11.0.0"
      }
    },
    "node_modules/geojson-equality-ts": {
      "version": "1.0.2",
      "resolved": "https://registry.npmjs.org/geojson-equality-ts/-/geojson-equality-ts-1.0.2.tgz",
      "integrity": "sha512-h3Ryq+0mCSN/7yLs0eDgrZhvc9af23o/QuC4aTiuuzP/MRCtd6mf5rLsLRY44jX0RPUfM8c4GqERQmlUxPGPoQ==",
      "license": "MIT",
      "dependencies": {
        "@types/geojson": "^7946.0.14"
      }
    },
    "node_modules/geojson-polygon-self-intersections": {
      "version": "1.2.2",
      "resolved": "https://registry.npmjs.org/geojson-polygon-self-intersections/-/geojson-polygon-self-intersections-1.2.2.tgz",
      "integrity": "sha512-6XRNF4CsRHYmR9z5YuIk5f/aOototnDf0dgMqYGcS7y1l57ttt6MAIAxl3rXyas6lq1HEbTuLMh4PgvO+OV42w==",
      "license": "MIT",
      "dependencies": {
        "rbush": "^2.0.1"
      }
    },
    "node_modules/geojson-polygon-self-intersections/node_modules/quickselect": {
      "version": "1.1.1",
      "resolved": "https://registry.npmjs.org/quickselect/-/quickselect-1.1.1.tgz",
      "integrity": "sha512-qN0Gqdw4c4KGPsBOQafj6yj/PA6c/L63f6CaZ/DCF/xF4Esu3jVmKLUDYxghFx8Kb/O7y9tI7x2RjTSXwdK1iQ==",
      "license": "ISC"
    },
    "node_modules/geojson-polygon-self-intersections/node_modules/rbush": {
      "version": "2.0.2",
      "resolved": "https://registry.npmjs.org/rbush/-/rbush-2.0.2.tgz",
      "integrity": "sha512-XBOuALcTm+O/H8G90b6pzu6nX6v2zCKiFG4BJho8a+bY6AER6t8uQUZdi5bomQc0AprCWhEGa7ncAbbRap0bRA==",
      "license": "MIT",
      "dependencies": {
        "quickselect": "^1.0.1"
      }
    },
    "node_modules/pg": {
      "version": "8.20.0",
      "resolved": "https://registry.npmjs.org/pg/-/pg-8.20.0.tgz",
      "integrity": "sha512-ldhMxz2r8fl/6QkXnBD3CR9/xg694oT6DZQ2s6c/RI28OjtSOpxnPrUCGOBJ46RCUxcWdx3p6kw/xnDHjKvaRA==",
      "dependencies": {
        "pg-connection-string": "^2.12.0",
        "pg-pool": "^3.13.0",
        "pg-protocol": "^1.13.0",
        "pg-types": "2.2.0",
        "pgpass": "1.0.5"
      },
      "engines": {
        "node": ">= 16.0.0"
      },
      "optionalDependencies": {
        "pg-cloudflare": "^1.3.0"
      },
      "peerDependencies": {
        "pg-native": ">=3.0.1"
      },
      "peerDependenciesMeta": {
        "pg-native": {
          "optional": true
        }
      }
    },
    "node_modules/pg-cloudflare": {
      "version": "1.3.0",
      "resolved": "https://registry.npmjs.org/pg-cloudflare/-/pg-cloudflare-1.3.0.tgz",
      "integrity": "sha512-6lswVVSztmHiRtD6I8hw4qP/nDm1EJbKMRhf3HCYaqud7frGysPv7FYJ5noZQdhQtN2xJnimfMtvQq21pdbzyQ==",
      "optional": true
    },
    "node_modules/pg-connection-string": {
      "version": "2.12.0",
      "resolved": "https://registry.npmjs.org/pg-connection-string/-/pg-connection-string-2.12.0.tgz",
      "integrity": "sha512-U7qg+bpswf3Cs5xLzRqbXbQl85ng0mfSV/J0nnA31MCLgvEaAo7CIhmeyrmJpOr7o+zm0rXK+hNnT5l9RHkCkQ=="
    },
    "node_modules/pg-int8": {
      "version": "1.0.1",
      "resolved": "https://registry.npmjs.org/pg-int8/-/pg-int8-1.0.1.tgz",
      "integrity": "sha512-WCtabS6t3c8SkpDBUlb1kjOs7l66xsGdKpIPZsg4wR+B3+u9UAum2odSsF9tnvxg80h4ZxLWMy4pRjOsFIqQpw==",
      "engines": {
        "node": ">=4.0.0"
      }
    },
    "node_modules/pg-pool": {
      "version": "3.13.0",
      "resolved": "https://registry.npmjs.org/pg-pool/-/pg-pool-3.13.0.tgz",
      "integrity": "sha512-gB+R+Xud1gLFuRD/QgOIgGOBE2KCQPaPwkzBBGC9oG69pHTkhQeIuejVIk3/cnDyX39av2AxomQiyPT13WKHQA==",
      "peerDependencies": {
        "pg": ">=8.0"
      }
    },
    "node_modules/pg-protocol": {
      "version": "1.13.0",
      "resolved": "https://registry.npmjs.org/pg-protocol/-/pg-protocol-1.13.0.tgz",
      "integrity": "sha512-zzdvXfS6v89r6v7OcFCHfHlyG/wvry1ALxZo4LqgUoy7W9xhBDMaqOuMiF3qEV45VqsN6rdlcehHrfDtlCPc8w=="
    },
    "node_modules/pg-types": {
      "version": "2.2.0",
      "resolved": "https://registry.npmjs.org/pg-types/-/pg-types-2.2.0.tgz",
      "integrity": "sha512-qTAAlrEsl8s4OiEQY69wDvcMIdQN6wdz5ojQiOy6YRMuynxenON0O5oCpJI6lshc6scgAY8qvJ2On/p+CXY0GA==",
      "dependencies": {
        "pg-int8": "1.0.1",
        "postgres-array": "~2.0.0",
        "postgres-bytea": "~1.0.0",
        "postgres-date": "~1.0.4",
        "postgres-interval": "^1.1.0"
      },
      "engines": {
        "node": ">=4"
      }
    },
    "node_modules/pgpass": {
      "version": "1.0.5",
      "resolved": "https://registry.npmjs.org/pgpass/-/pgpass-1.0.5.tgz",
      "integrity": "sha512-FdW9r/jQZhSeohs1Z3sI1yxFQNFvMcnmfuj4WBMUTxOrAyLMaTcE1aAMBiTlbMNaXvBCQuVi0R7hd8udDSP7ug==",
      "dependencies": {
        "split2": "^4.1.0"
      }
    },
    "node_modules/playwright": {
      "version": "1.58.2",
      "integrity": "sha512-vA30H8Nvkq/cPBnNw4Q8TWz1EJyqgpuinBcHET0YVJVFldr8JDNiU9LaWAE1KqSkRYazuaBhTpB5ZzShOezQ6A==",
      "dependencies": {
        "playwright-core": "1.58.2"
      },
      "bin": {
        "playwright": "cli.js"
      },
      "engines": {
        "node": ">=18"
      },
      "optionalDependencies": {
        "fsevents": "2.3.2"
      }
    },
    "node_modules/playwright-core": {
      "version": "1.58.2",
      "resolved": "https://registry.npmjs.org/playwright-core/-/playwright-core-1.58.2.tgz",
      "integrity": "sha512-yZkEtftgwS8CsfYo7nm0KE8jsvm6i/PTgVtB8DL726wNf6H2IMsDuxCpJj59KDaxCtSnrWan2AeDqM7JBaultg==",
      "bin": {
        "playwright-core": "cli.js"
      },
      "engines": {
        "node": ">=18"
      }
    },
    "node_modules/point-in-polygon-hao": {
      "version": "1.2.4",
      "resolved": "https://registry.npmjs.org/point-in-polygon-hao/-/point-in-polygon-hao-1.2.4.tgz",
      "integrity": "sha512-x2pcvXeqhRHlNRdhLs/tgFapAbSSe86wa/eqmj1G6pWftbEs5aVRJhRGM6FYSUERKu0PjekJzMq0gsI2XyiclQ==",
      "license": "MIT",
      "dependencies": {
        "robust-predicates": "^3.0.2"
      }
    },
    "node_modules/postgres-array": {
      "version": "2.0.0",
      "resolved": "https://registry.npmjs.org/postgres-array/-/postgres-array-2.0.0.tgz",
      "integrity": "sha512-VpZrUqU5A69eQyW2c5CA1jtLecCsN2U/bD6VilrFDWq5+5UIEVO7nazS3TEcHf1zuPYO/sqGvUvW62g86RXZuA==",
      "engines": {
        "node": ">=4"
      }
    },
    "node_modules/postgres-bytea": {
      "version": "1.0.1",
      "resolved": "https://registry.npmjs.org/postgres-bytea/-/postgres-bytea-1.0.1.tgz",
      "integrity": "sha512-5+5HqXnsZPE65IJZSMkZtURARZelel2oXUEO8rH83VS/hxH5vv1uHquPg5wZs8yMAfdv971IU+kcPUczi7NVBQ==",
      "engines": {
        "node": ">=0.10.0"
      }
    },
    "node_modules/postgres-date": {
      "version": "1.0.7",
      "resolved": "https://registry.npmjs.org/postgres-date/-/postgres-date-1.0.7.tgz",
      "integrity": "sha512-suDmjLVQg78nMK2UZ454hAG+OAW+HQPZ6n++TNDUX+L0+uUlLywnoxJKDou51Zm+zTCjrCl0Nq6J9C5hP9vK/Q==",
      "engines": {
        "node": ">=0.10.0"
      }
    },
    "node_modules/postgres-interval": {
      "version": "1.2.0",
      "resolved": "https://registry.npmjs.org/postgres-interval/-/postgres-interval-1.2.0.tgz",
      "integrity": "sha512-9ZhXKM/rw350N1ovuWHbGxnGh/SNJ4cnxHiM0rxE4VN41wsg8P8zWn9hv/buK00RP4WvlOyr/RBDiptyxVbkZQ==",
      "dependencies": {
        "xtend": "^4.0.0"
      },
      "engines": {
        "node": ">=0.10.0"
      }
    },
    "node_modules/quickselect": {
      "version": "2.0.0",
      "resolved": "https://registry.npmjs.org/quickselect/-/quickselect-2.0.0.tgz",
      "integrity": "sha512-RKJ22hX8mHe3Y6wH/N3wCM6BWtjaxIyyUIkpHOvfFnxdI4yD4tBXEBKSbriGujF6jnSVkJrffuo6vxACiSSxIw==",
      "license": "ISC"
    },
    "node_modules/rbush": {
      "version": "3.0.1",
      "resolved": "https://registry.npmjs.org/rbush/-/rbush-3.0.1.tgz",
      "integrity": "sha512-XRaVO0YecOpEuIvbhbpTrZgoiI6xBlz6hnlr6EHhd+0x9ase6EmeN+hdwwUaJvLcsFFQ8iWVF1GAK1yB0BWi0w==",
      "license": "MIT",
      "dependencies": {
        "quickselect": "^2.0.0"
      }
    },
    "node_modules/robust-predicates": {
      "version": "3.0.3",
      "resolved": "https://registry.npmjs.org/robust-predicates/-/robust-predicates-3.0.3.tgz",
      "integrity": "sha512-NS3levdsRIUOmiJ8FZWCP7LG3QpJyrs/TE0Zpf1yvZu8cAJJ6QMW92H1c7kWpdIHo8RvmLxN/o2JXTKHp74lUA==",
      "license": "Unlicense"
    },
    "node_modules/split2": {
      "version": "4.2.0",
      "resolved": "https://registry.npmjs.org/split2/-/split2-4.2.0.tgz",
      "integrity": "sha512-UcjcJOWknrNkF6PLX83qcHM6KHgVKNkV62Y8a5uYDVv9ydGQVwAHMKqHdJje1VTWpljG0WYpCDhrCdAOYH4TWg==",
      "engines": {
        "node": ">= 10.x"
      }
    },
    "node_modules/sweepline-intersections": {
      "version": "1.5.0",
      "resolved": "https://registry.npmjs.org/sweepline-intersections/-/sweepline-intersections-1.5.0.tgz",
      "integrity": "sha512-AoVmx72QHpKtItPu72TzFL+kcYjd67BPLDoR0LarIk+xyaRg+pDTMFXndIEvZf9xEKnJv6JdhgRMnocoG0D3AQ==",
      "license": "MIT",
      "dependencies": {
        "tinyqueue": "^2.0.0"
      }
    },
    "node_modules/tinyqueue": {
      "version": "2.0.3",
      "resolved": "https://registry.npmjs.org/tinyqueue/-/tinyqueue-2.0.3.tgz",
      "integrity": "sha512-ppJZNDuKGgxzkHihX8v9v9G5f+18gzaTfrukGrq6ueg0lmH4nqVnA2IPG0AEH3jKEk2GRJCUhDoqpoiw3PHLBA==",
      "license": "ISC"
    },
    "node_modules/topojson-client": {
      "version": "3.1.0",
      "resolved": "https://registry.npmjs.org/topojson-client/-/topojson-client-3.1.0.tgz",
      "integrity": "sha512-605uxS6bcYxGXw9qi62XyrV6Q3xwbndjachmNxu8HWTtVPxZfEJN9fd/SZS1Q54Sn2y0TMyMxFj/cJINqGHrKw==",
      "license": "ISC",
      "dependencies": {
        "commander": "2"
      },
      "bin": {
        "topo2geo": "bin/topo2geo",
        "topomerge": "bin/topomerge",
        "topoquantize": "bin/topoquantize"
      }
    },
    "node_modules/tslib": {
      "version": "2.8.1",
      "resolved": "https://registry.npmjs.org/tslib/-/tslib-2.8.1.tgz",
      "integrity": "sha512-oJFu94HQb+KVduSUQL7wnpmqnfmLsOA/nAh6b6EH0wCEoK0/mPeXU6c3wKDV83MkOuHPRHtSXKKU99IBazS/2w==",
      "license": "0BSD"
    },
    "node_modules/typescript": {
      "version": "5.9.3",
      "integrity": "sha512-jl1vZzPDinLr9eUt3J/t7V6FgNEw9QjvBPdysz9KfQDD41fQrC2Y4vKQdiaUpFT4bXlb1RHhLpp8wtm6M5TgSw==",
      "dev": true,
      "bin": {
        "tsc": "bin/tsc",
        "tsserver": "bin/tsserver"
      },
      "engines": {
        "node": ">=14.17"
      }
    },
    "node_modules/undici-types": {
      "version": "6.21.0",
      "resolved": "https://registry.npmjs.org/undici-types/-/undici-types-6.21.0.tgz",
      "integrity": "sha512-iwDZqg0QAGrg9Rav5H4n0M64c3mkR59cJ6wQp+7C4nI0gsmExaedaYLNO44eT4AtBBwjbTiGPMlt2Md0T9H9JQ==",
      "dev": true
    },
    "node_modules/xtend": {
      "version": "4.0.2",
      "resolved": "https://registry.npmjs.org/xtend/-/xtend-4.0.2.tgz",
      "integrity": "sha512-LKYU1iAXJXUgAXn9URjiu+MWhyUXHsvfp7mcuYm9dSUKK0/CjtrUwFAxD82/mCWbtLsGjFIad0wIsod4zrTAEQ==",
      "engines": {
        "node": ">=0.4"
      }
    }
  }
}
